
Microsoft Visual Studio Solution File, Format Version 12.00
# Visual Studio Version 16
VisualStudioVersion = 16.0.29613.14
MinimumVisualStudioVersion = 10.0.40219.1
Project("{8BC9CEB8-8B4A-11D0-8D11-00A0C91BC942}") = "EX5", "EX5\EX5.vcxproj", "{23098C8A-4162-400A-A634-478C04D336B1}"
EndProject
Global
	GlobalSection(SolutionConfigurationPlatforms) = preSolution
		Debug|x64 = Debug|x64
		Debug|x86 = Debug|x86
		Release|x64 = Release|x64
		Release|x86 = Release|x86
	EndGlobalSection
	GlobalSection(ProjectConfigurationPlatforms) = postSolution
		{23098C8A-4162-400A-A634-478C04D336B1}.Debug|x64.ActiveCfg = Debug|x64
		{23098C8A-4162-400A-A634-478C04D336B1}.Debug|x64.Build.0 = Debug|x64
		{23098C8A-4162-400A-A634-478C04D336B1}.Debug|x86.ActiveCfg = Debug|Win32
		{23098C8A-4162-400A-A634-478C04D336B1}.Debug|x86.Build.0 = Debug|Win32
		{23098C8A-4162-400A-A634-478C04D336B1}.Release|x64.ActiveCfg = Release|x64
		{23098C8A-4162-400A-A634-478C04D336B1}.Release|x64.Build.0 = Release|x64
		{23098C8A-4162-400A-A634-478C04D336B1}.Release|x86.ActiveCfg = Release|Win32
		{23098C8A-4162-400A-A634-478C04D336B1}.Release|x86.Build.0 = Release|Win32
	EndGlobalSection
	GlobalSection(SolutionProperties) = preSolution
		HideSolutionNode = FALSE
	EndGlobalSection
	GlobalSection(ExtensibilityGlobals) = postSolution
		SolutionGuid = {3356FCC6-7582-4F89-A1A8-FDB4A4C57611}
	EndGlobalSection
EndGlobal
