
Microsoft Visual Studio Solution File, Format Version 12.00
# Visual Studio Version 16
VisualStudioVersion = 16.0.29519.87
MinimumVisualStudioVersion = 10.0.40219.1
Project("{8BC9CEB8-8B4A-11D0-8D11-00A0C91BC942}") = "EX3", "EX3\EX3.vcxproj", "{DBE2AD46-A01B-47DA-B321-D1AB6DBC079D}"
EndProject
Global
	GlobalSection(SolutionConfigurationPlatforms) = preSolution
		Debug|x64 = Debug|x64
		Debug|x86 = Debug|x86
		Release|x64 = Release|x64
		Release|x86 = Release|x86
	EndGlobalSection
	GlobalSection(ProjectConfigurationPlatforms) = postSolution
		{DBE2AD46-A01B-47DA-B321-D1AB6DBC079D}.Debug|x64.ActiveCfg = Debug|x64
		{DBE2AD46-A01B-47DA-B321-D1AB6DBC079D}.Debug|x64.Build.0 = Debug|x64
		{DBE2AD46-A01B-47DA-B321-D1AB6DBC079D}.Debug|x86.ActiveCfg = Debug|Win32
		{DBE2AD46-A01B-47DA-B321-D1AB6DBC079D}.Debug|x86.Build.0 = Debug|Win32
		{DBE2AD46-A01B-47DA-B321-D1AB6DBC079D}.Release|x64.ActiveCfg = Release|x64
		{DBE2AD46-A01B-47DA-B321-D1AB6DBC079D}.Release|x64.Build.0 = Release|x64
		{DBE2AD46-A01B-47DA-B321-D1AB6DBC079D}.Release|x86.ActiveCfg = Release|Win32
		{DBE2AD46-A01B-47DA-B321-D1AB6DBC079D}.Release|x86.Build.0 = Release|Win32
	EndGlobalSection
	GlobalSection(SolutionProperties) = preSolution
		HideSolutionNode = FALSE
	EndGlobalSection
	GlobalSection(ExtensibilityGlobals) = postSolution
		SolutionGuid = {0D61986A-523E-4A08-88B5-FBDC0571A3D9}
	EndGlobalSection
EndGlobal
