
Microsoft Visual Studio Solution File, Format Version 12.00
# Visual Studio Version 16
VisualStudioVersion = 16.0.29519.87
MinimumVisualStudioVersion = 10.0.40219.1
Project("{8BC9CEB8-8B4A-11D0-8D11-00A0C91BC942}") = "EX4", "EX4\EX4.vcxproj", "{6DE7D399-164C-4EA2-9149-AC3F5B49CE1B}"
EndProject
Global
	GlobalSection(SolutionConfigurationPlatforms) = preSolution
		Debug|x64 = Debug|x64
		Debug|x86 = Debug|x86
		Release|x64 = Release|x64
		Release|x86 = Release|x86
	EndGlobalSection
	GlobalSection(ProjectConfigurationPlatforms) = postSolution
		{6DE7D399-164C-4EA2-9149-AC3F5B49CE1B}.Debug|x64.ActiveCfg = Debug|x64
		{6DE7D399-164C-4EA2-9149-AC3F5B49CE1B}.Debug|x64.Build.0 = Debug|x64
		{6DE7D399-164C-4EA2-9149-AC3F5B49CE1B}.Debug|x86.ActiveCfg = Debug|Win32
		{6DE7D399-164C-4EA2-9149-AC3F5B49CE1B}.Debug|x86.Build.0 = Debug|Win32
		{6DE7D399-164C-4EA2-9149-AC3F5B49CE1B}.Release|x64.ActiveCfg = Release|x64
		{6DE7D399-164C-4EA2-9149-AC3F5B49CE1B}.Release|x64.Build.0 = Release|x64
		{6DE7D399-164C-4EA2-9149-AC3F5B49CE1B}.Release|x86.ActiveCfg = Release|Win32
		{6DE7D399-164C-4EA2-9149-AC3F5B49CE1B}.Release|x86.Build.0 = Release|Win32
	EndGlobalSection
	GlobalSection(SolutionProperties) = preSolution
		HideSolutionNode = FALSE
	EndGlobalSection
	GlobalSection(ExtensibilityGlobals) = postSolution
		SolutionGuid = {A3779607-BEBF-4080-A555-208703716820}
	EndGlobalSection
EndGlobal
