
Microsoft Visual Studio Solution File, Format Version 12.00
# Visual Studio Version 16
VisualStudioVersion = 16.0.29609.76
MinimumVisualStudioVersion = 10.0.40219.1
Project("{8BC9CEB8-8B4A-11D0-8D11-00A0C91BC942}") = "EX3", "EX3\EX3.vcxproj", "{A1720E27-97B0-485E-A317-184178494235}"
EndProject
Global
	GlobalSection(SolutionConfigurationPlatforms) = preSolution
		Debug|x64 = Debug|x64
		Debug|x86 = Debug|x86
		Release|x64 = Release|x64
		Release|x86 = Release|x86
	EndGlobalSection
	GlobalSection(ProjectConfigurationPlatforms) = postSolution
		{A1720E27-97B0-485E-A317-184178494235}.Debug|x64.ActiveCfg = Debug|x64
		{A1720E27-97B0-485E-A317-184178494235}.Debug|x64.Build.0 = Debug|x64
		{A1720E27-97B0-485E-A317-184178494235}.Debug|x86.ActiveCfg = Debug|Win32
		{A1720E27-97B0-485E-A317-184178494235}.Debug|x86.Build.0 = Debug|Win32
		{A1720E27-97B0-485E-A317-184178494235}.Release|x64.ActiveCfg = Release|x64
		{A1720E27-97B0-485E-A317-184178494235}.Release|x64.Build.0 = Release|x64
		{A1720E27-97B0-485E-A317-184178494235}.Release|x86.ActiveCfg = Release|Win32
		{A1720E27-97B0-485E-A317-184178494235}.Release|x86.Build.0 = Release|Win32
	EndGlobalSection
	GlobalSection(SolutionProperties) = preSolution
		HideSolutionNode = FALSE
	EndGlobalSection
	GlobalSection(ExtensibilityGlobals) = postSolution
		SolutionGuid = {9B0D5B25-85C0-4F97-8DD8-7F7338EA6475}
	EndGlobalSection
EndGlobal
