
Microsoft Visual Studio Solution File, Format Version 12.00
# Visual Studio Version 16
VisualStudioVersion = 16.0.29503.13
MinimumVisualStudioVersion = 10.0.40219.1
Project("{8BC9CEB8-8B4A-11D0-8D11-00A0C91BC942}") = "Esercizio_6", "Esercizio_6.vcxproj", "{EF4EF199-1ABD-47B4-B683-20DF8A5CB15A}"
EndProject
Global
	GlobalSection(SolutionConfigurationPlatforms) = preSolution
		Debug|x64 = Debug|x64
		Debug|x86 = Debug|x86
		Release|x64 = Release|x64
		Release|x86 = Release|x86
	EndGlobalSection
	GlobalSection(ProjectConfigurationPlatforms) = postSolution
		{EF4EF199-1ABD-47B4-B683-20DF8A5CB15A}.Debug|x64.ActiveCfg = Debug|x64
		{EF4EF199-1ABD-47B4-B683-20DF8A5CB15A}.Debug|x64.Build.0 = Debug|x64
		{EF4EF199-1ABD-47B4-B683-20DF8A5CB15A}.Debug|x86.ActiveCfg = Debug|Win32
		{EF4EF199-1ABD-47B4-B683-20DF8A5CB15A}.Debug|x86.Build.0 = Debug|Win32
		{EF4EF199-1ABD-47B4-B683-20DF8A5CB15A}.Release|x64.ActiveCfg = Release|x64
		{EF4EF199-1ABD-47B4-B683-20DF8A5CB15A}.Release|x64.Build.0 = Release|x64
		{EF4EF199-1ABD-47B4-B683-20DF8A5CB15A}.Release|x86.ActiveCfg = Release|Win32
		{EF4EF199-1ABD-47B4-B683-20DF8A5CB15A}.Release|x86.Build.0 = Release|Win32
	EndGlobalSection
	GlobalSection(SolutionProperties) = preSolution
		HideSolutionNode = FALSE
	EndGlobalSection
	GlobalSection(ExtensibilityGlobals) = postSolution
		SolutionGuid = {87E8F2E2-D4A6-4FE5-ADAE-96BC06F1359E}
	EndGlobalSection
EndGlobal
