
Microsoft Visual Studio Solution File, Format Version 12.00
# Visual Studio Version 16
VisualStudioVersion = 16.0.29411.108
MinimumVisualStudioVersion = 10.0.40219.1
Project("{8BC9CEB8-8B4A-11D0-8D11-00A0C91BC942}") = "Esercizio 2", "Esercizio 2.vcxproj", "{05E7A215-6798-449C-81A6-2AEBCC7BE383}"
EndProject
Global
	GlobalSection(SolutionConfigurationPlatforms) = preSolution
		Debug|x64 = Debug|x64
		Debug|x86 = Debug|x86
		Release|x64 = Release|x64
		Release|x86 = Release|x86
	EndGlobalSection
	GlobalSection(ProjectConfigurationPlatforms) = postSolution
		{05E7A215-6798-449C-81A6-2AEBCC7BE383}.Debug|x64.ActiveCfg = Debug|x64
		{05E7A215-6798-449C-81A6-2AEBCC7BE383}.Debug|x64.Build.0 = Debug|x64
		{05E7A215-6798-449C-81A6-2AEBCC7BE383}.Debug|x86.ActiveCfg = Debug|Win32
		{05E7A215-6798-449C-81A6-2AEBCC7BE383}.Debug|x86.Build.0 = Debug|Win32
		{05E7A215-6798-449C-81A6-2AEBCC7BE383}.Release|x64.ActiveCfg = Release|x64
		{05E7A215-6798-449C-81A6-2AEBCC7BE383}.Release|x64.Build.0 = Release|x64
		{05E7A215-6798-449C-81A6-2AEBCC7BE383}.Release|x86.ActiveCfg = Release|Win32
		{05E7A215-6798-449C-81A6-2AEBCC7BE383}.Release|x86.Build.0 = Release|Win32
	EndGlobalSection
	GlobalSection(SolutionProperties) = preSolution
		HideSolutionNode = FALSE
	EndGlobalSection
	GlobalSection(ExtensibilityGlobals) = postSolution
		SolutionGuid = {FC8078C4-ABF9-42EF-8836-3BAD8FCE97E4}
	EndGlobalSection
EndGlobal
