
Microsoft Visual Studio Solution File, Format Version 12.00
# Visual Studio Version 16
VisualStudioVersion = 16.0.29503.13
MinimumVisualStudioVersion = 10.0.40219.1
Project("{8BC9CEB8-8B4A-11D0-8D11-00A0C91BC942}") = "Esercizio_1030_8", "Esercizio_1030_8.vcxproj", "{0471496D-F226-41A3-93C3-103DC0CE6A69}"
EndProject
Global
	GlobalSection(SolutionConfigurationPlatforms) = preSolution
		Debug|x64 = Debug|x64
		Debug|x86 = Debug|x86
		Release|x64 = Release|x64
		Release|x86 = Release|x86
	EndGlobalSection
	GlobalSection(ProjectConfigurationPlatforms) = postSolution
		{0471496D-F226-41A3-93C3-103DC0CE6A69}.Debug|x64.ActiveCfg = Debug|x64
		{0471496D-F226-41A3-93C3-103DC0CE6A69}.Debug|x64.Build.0 = Debug|x64
		{0471496D-F226-41A3-93C3-103DC0CE6A69}.Debug|x86.ActiveCfg = Debug|Win32
		{0471496D-F226-41A3-93C3-103DC0CE6A69}.Debug|x86.Build.0 = Debug|Win32
		{0471496D-F226-41A3-93C3-103DC0CE6A69}.Release|x64.ActiveCfg = Release|x64
		{0471496D-F226-41A3-93C3-103DC0CE6A69}.Release|x64.Build.0 = Release|x64
		{0471496D-F226-41A3-93C3-103DC0CE6A69}.Release|x86.ActiveCfg = Release|Win32
		{0471496D-F226-41A3-93C3-103DC0CE6A69}.Release|x86.Build.0 = Release|Win32
	EndGlobalSection
	GlobalSection(SolutionProperties) = preSolution
		HideSolutionNode = FALSE
	EndGlobalSection
	GlobalSection(ExtensibilityGlobals) = postSolution
		SolutionGuid = {74D73B7C-BAA9-4BA2-AA5D-E5E9A76F8939}
	EndGlobalSection
EndGlobal
